// !$*UTF8*$!
{
	archiveVersion = 1;
	classes = {
	};
	objectVersion = 50;
	objects = {

/* Begin PBXBuildFile section */
		E03A31802599D7B400B0AF41 /* AppDelegate.swift in Sources */ = {isa = PBXBuildFile; fileRef = E03A317F2599D7B400B0AF41 /* AppDelegate.swift */; };
		E03A31822599D7B400B0AF41 /* SceneDelegate.swift in Sources */ = {isa = PBXBuildFile; fileRef = E03A31812599D7B400B0AF41 /* SceneDelegate.swift */; };
		E03A31842599D7B400B0AF41 /* ViewController.swift in Sources */ = {isa = PBXBuildFile; fileRef = E03A31832599D7B400B0AF41 /* ViewController.swift */; };
		E03A31872599D7B400B0AF41 /* Main.storyboard in Resources */ = {isa = PBXBuildFile; fileRef = E03A31852599D7B400B0AF41 /* Main.storyboard */; };
		E03A31892599D7B500B0AF41 /* Assets.xcassets in Resources */ = {isa = PBXBuildFile; fileRef = E03A31882599D7B500B0AF41 /* Assets.xcassets */; };
		E03A318C2599D7B500B0AF41 /* LaunchScreen.storyboard in Resources */ = {isa = PBXBuildFile; fileRef = E03A318A2599D7B500B0AF41 /* LaunchScreen.storyboard */; };
		E03A31962599D91500B0AF41 /* DemoTableViewCell.swift in Sources */ = {isa = PBXBuildFile; fileRef = E03A31942599D91400B0AF41 /* DemoTableViewCell.swift */; };
		E03A31972599D91500B0AF41 /* DemoTableViewCell.xib in Resources */ = {isa = PBXBuildFile; fileRef = E03A31952599D91500B0AF41 /* DemoTableViewCell.xib */; };
/* End PBXBuildFile section */

/* Begin PBXFileReference section */
		E03A317C2599D7B400B0AF41 /* Contact TableView Custom Cell.app */ = {isa = PBXFileReference; explicitFileType = wrapper.application; includeInIndex = 0; path = "Contact TableView Custom Cell.app"; sourceTree = BUILT_PRODUCTS_DIR; };
		E03A317F2599D7B400B0AF41 /* AppDelegate.swift */ = {isa = PBXFileReference; lastKnownFileType = sourcecode.swift; path = AppDelegate.swift; sourceTree = "<group>"; };
		E03A31812599D7B400B0AF41 /* SceneDelegate.swift */ = {isa = PBXFileReference; lastKnownFileType = sourcecode.swift; path = SceneDelegate.swift; sourceTree = "<group>"; };
		E03A31832599D7B400B0AF41 /* ViewController.swift */ = {isa = PBXFileReference; lastKnownFileType = sourcecode.swift; path = ViewController.swift; sourceTree = "<group>"; };
		E03A31862599D7B400B0AF41 /* Base */ = {isa = PBXFileReference; lastKnownFileType = file.storyboard; name = Base; path = Base.lproj/Main.storyboard; sourceTree = "<group>"; };
		E03A31882599D7B500B0AF41 /* Assets.xcassets */ = {isa = PBXFileReference; lastKnownFileType = folder.assetcatalog; path = Assets.xcassets; sourceTree = "<group>"; };
		E03A318B2599D7B500B0AF41 /* Base */ = {isa = PBXFileReference; lastKnownFileType = file.storyboard; name = Base; path = Base.lproj/LaunchScreen.storyboard; sourceTree = "<group>"; };
		E03A318D2599D7B500B0AF41 /* Info.plist */ = {isa = PBXFileReference; lastKnownFileType = text.plist.xml; path = Info.plist; sourceTree = "<group>"; };
		E03A31942599D91400B0AF41 /* DemoTableViewCell.swift */ = {isa = PBXFileReference; lastKnownFileType = sourcecode.swift; path = DemoTableViewCell.swift; sourceTree = "<group>"; };
		E03A31952599D91500B0AF41 /* DemoTableViewCell.xib */ = {isa = PBXFileReference; lastKnownFileType = file.xib; path = DemoTableViewCell.xib; sourceTree = "<group>"; };
/* End PBXFileReference section */

/* Begin PBXFrameworksBuildPhase section */
		E03A31792599D7B400B0AF41 /* Frameworks */ = {
			isa = PBXFrameworksBuildPhase;
			buildActionMask = 2147483647;
			files = (
			);
			runOnlyForDeploymentPostprocessing = 0;
		};
/* End PBXFrameworksBuildPhase section */

/* Begin PBXGroup section */
		E03A31732599D7B400B0AF41 = {
			isa = PBXGroup;
			children = (
				E03A317E2599D7B400B0AF41 /* Contact TableView Custom Cell */,
				E03A317D2599D7B400B0AF41 /* Products */,
			);
			sourceTree = "<group>";
		};
		E03A317D2599D7B400B0AF41 /* Products */ = {
			isa = PBXGroup;
			children = (
				E03A317C2599D7B400B0AF41 /* Contact TableView Custom Cell.app */,
			);
			name = Products;
			sourceTree = "<group>";
		};
		E03A317E2599D7B400B0AF41 /* Contact TableView Custom Cell */ = {
			isa = PBXGroup;
			children = (
				E03A317F2599D7B400B0AF41 /* AppDelegate.swift */,
				E03A31812599D7B400B0AF41 /* SceneDelegate.swift */,
				E03A31832599D7B400B0AF41 /* ViewController.swift */,
				E03A31852599D7B400B0AF41 /* Main.storyboard */,
				E03A31882599D7B500B0AF41 /* Assets.xcassets */,
				E03A318A2599D7B500B0AF41 /* LaunchScreen.storyboard */,
				E03A318D2599D7B500B0AF41 /* Info.plist */,
				E03A31942599D91400B0AF41 /* DemoTableViewCell.swift */,
				E03A31952599D91500B0AF41 /* DemoTableViewCell.xib */,
			);
			path = "Contact TableView Custom Cell";
			sourceTree = "<group>";
		};
/* End PBXGroup section */

/* Begin PBXNativeTarget section */
		E03A317B2599D7B400B0AF41 /* Contact TableView Custom Cell */ = {
			isa = PBXNativeTarget;
			buildConfigurationList = E03A31902599D7B500B0AF41 /* Build configuration list for PBXNativeTarget "Contact TableView Custom Cell" */;
			buildPhases = (
				E03A31782599D7B400B0AF41 /* Sources */,
				E03A31792599D7B400B0AF41 /* Frameworks */,
				E03A317A2599D7B400B0AF41 /* Resources */,
			);
			buildRules = (
			);
			dependencies = (
			);
			name = "Contact TableView Custom Cell";
			productName = "Contact TableView Custom Cell";
			productReference = E03A317C2599D7B400B0AF41 /* Contact TableView Custom Cell.app */;
			productType = "com.apple.product-type.application";
		};
/* End PBXNativeTarget section */

/* Begin PBXProject section */
		E03A31742599D7B400B0AF41 /* Project object */ = {
			isa = PBXProject;
			attributes = {
				LastSwiftUpdateCheck = 1230;
				LastUpgradeCheck = 1230;
				TargetAttributes = {
					E03A317B2599D7B400B0AF41 = {
						CreatedOnToolsVersion = 12.3;
					};
				};
			};
			buildConfigurationList = E03A31772599D7B400B0AF41 /* Build configuration list for PBXProject "Contact TableView Custom Cell" */;
			compatibilityVersion = "Xcode 9.3";
			developmentRegion = en;
			hasScannedForEncodings = 0;
			knownRegions = (
				en,
				Base,
			);
			mainGroup = E03A31732599D7B400B0AF41;
			productRefGroup = E03A317D2599D7B400B0AF41 /* Products */;
			projectDirPath = "";
			projectRoot = "";
			targets = (
				E03A317B2599D7B400B0AF41 /* Contact TableView Custom Cell */,
			);
		};
/* End PBXProject section */

/* Begin PBXResourcesBuildPhase section */
		E03A317A2599D7B400B0AF41 /* Resources */ = {
			isa = PBXResourcesBuildPhase;
			buildActionMask = 2147483647;
			files = (
				E03A318C2599D7B500B0AF41 /* LaunchScreen.storyboard in Resources */,
				E03A31892599D7B500B0AF41 /* Assets.xcassets in Resources */,
				E03A31972599D91500B0AF41 /* DemoTableViewCell.xib in Resources */,
				E03A31872599D7B400B0AF41 /* Main.storyboard in Resources */,
			);
			runOnlyForDeploymentPostprocessing = 0;
		};
/* End PBXResourcesBuildPhase section */

/* Begin PBXSourcesBuildPhase section */
		E03A31782599D7B400B0AF41 /* Sources */ = {
			isa = PBXSourcesBuildPhase;
			buildActionMask = 2147483647;
			files = (
				E03A31842599D7B400B0AF41 /* ViewController.swift in Sources */,
				E03A31802599D7B400B0AF41 /* AppDelegate.swift in Sources */,
				E03A31962599D91500B0AF41 /* DemoTableViewCell.swift in Sources */,
				E03A31822599D7B400B0AF41 /* SceneDelegate.swift in Sources */,
			);
			runOnlyForDeploymentPostprocessing = 0;
		};
/* End PBXSourcesBuildPhase section */

/* Begin PBXVariantGroup section */
		E03A31852599D7B400B0AF41 /* Main.storyboard */ = {
			isa = PBXVariantGroup;
			children = (
				E03A31862599D7B400B0AF41 /* Base */,
			);
			name = Main.storyboard;
			sourceTree = "<group>";
		};
		E03A318A2599D7B500B0AF41 /* LaunchScreen.storyboard */ = {
			isa = PBXVariantGroup;
			children = (
				E03A318B2599D7B500B0AF41 /* Base */,
			);
			name = LaunchScreen.storyboard;
			sourceTree = "<group>";
		};
/* End PBXVariantGroup section */

/* Begin XCBuildConfiguration section */
		E03A318E2599D7B500B0AF41 /* Debug */ = {
			isa = XCBuildConfiguration;
			buildSettings = {
				ALWAYS_SEARCH_USER_PATHS = NO;
				CLANG_ANALYZER_NONNULL = YES;
				CLANG_ANALYZER_NUMBER_OBJECT_CONVERSION = YES_AGGRESSIVE;
				CLANG_CXX_LANGUAGE_STANDARD = "gnu++14";
				CLANG_CXX_LIBRARY = "libc++";
				CLANG_ENABLE_MODULES = YES;
				CLANG_ENABLE_OBJC_ARC = YES;
				CLANG_ENABLE_OBJC_WEAK = YES;
				CLANG_WARN_BLOCK_CAPTURE_AUTORELEASING = YES;
				CLANG_WARN_BOOL_CONVERSION = YES;
				CLANG_WARN_COMMA = YES;
				CLANG_WARN_CONSTANT_CONVERSION = YES;
				CLANG_WARN_DEPRECATED_OBJC_IMPLEMENTATIONS = YES;
				CLANG_WARN_DIRECT_OBJC_ISA_USAGE = YES_ERROR;
				CLANG_WARN_DOCUMENTATION_COMMENTS = YES;
				CLANG_WARN_EMPTY_BODY = YES;
				CLANG_WARN_ENUM_CONVERSION = YES;
				CLANG_WARN_INFINITE_RECURSION = YES;
				CLANG_WARN_INT_CONVERSION = YES;
				CLANG_WARN_NON_LITERAL_NULL_CONVERSION = YES;
				CLANG_WARN_OBJC_IMPLICIT_RETAIN_SELF = YES;
				CLANG_WARN_OBJC_LITERAL_CONVERSION = YES;
				CLANG_WARN_OBJC_ROOT_CLASS = YES_ERROR;
				CLANG_WARN_QUOTED_INCLUDE_IN_FRAMEWORK_HEADER = YES;
				CLANG_WARN_RANGE_LOOP_ANALYSIS = YES;
				CLANG_WARN_STRICT_PROTOTYPES = YES;
				CLANG_WARN_SUSPICIOUS_MOVE = YES;
				CLANG_WARN_UNGUARDED_AVAILABILITY = YES_AGGRESSIVE;
				CLANG_WARN_UNREACHABLE_CODE = YES;
				CLANG_WARN__DUPLICATE_METHOD_MATCH = YES;
				COPY_PHASE_STRIP = NO;
				DEBUG_INFORMATION_FORMAT = dwarf;
				ENABLE_STRICT_OBJC_MSGSEND = YES;
				ENABLE_TESTABILITY = YES;
				GCC_C_LANGUAGE_STANDARD = gnu11;
				GCC_DYNAMIC_NO_PIC = NO;
				GCC_NO_COMMON_BLOCKS = YES;
				GCC_OPTIMIZATION_LEVEL = 0;
				GCC_PREPROCESSOR_DEFINITIONS = (
					"DEBUG=1",
					"$(inherited)",
				);
				GCC_WARN_64_TO_32_BIT_CONVERSION = YES;
				GCC_WARN_ABOUT_RETURN_TYPE = YES_ERROR;
				GCC_WARN_UNDECLARED_SELECTOR = YES;
				GCC_WARN_UNINITIALIZED_AUTOS = YES_AGGRESSIVE;
				GCC_WARN_UNUSED_FUNCTION = YES;
				GCC_WARN_UNUSED_VARIABLE = YES;
				IPHONEOS_DEPLOYMENT_TARGET = 14.3;
				MTL_ENABLE_DEBUG_INFO = INCLUDE_SOURCE;
				MTL_FAST_MATH = YES;
				ONLY_ACTIVE_ARCH = YES;
				SDKROOT = iphoneos;
				SWIFT_ACTIVE_COMPILATION_CONDITIONS = DEBUG;
				SWIFT_OPTIMIZATION_LEVEL = "-Onone";
			};
			name = Debug;
		};
		E03A318F2599D7B500B0AF41 /* Release */ = {
			isa = XCBuildConfiguration;
			buildSettings = {
				ALWAYS_SEARCH_USER_PATHS = NO;
				CLANG_ANALYZER_NONNULL = YES;
				CLANG_ANALYZER_NUMBER_OBJECT_CONVERSION = YES_AGGRESSIVE;
				CLANG_CXX_LANGUAGE_STANDARD = "gnu++14";
				CLANG_CXX_LIBRARY = "libc++";
				CLANG_ENABLE_MODULES = YES;
				CLANG_ENABLE_OBJC_ARC = YES;
				CLANG_ENABLE_OBJC_WEAK = YES;
				CLANG_WARN_BLOCK_CAPTURE_AUTORELEASING = YES;
				CLANG_WARN_BOOL_CONVERSION = YES;
				CLANG_WARN_COMMA = YES;
				CLANG_WARN_CONSTANT_CONVERSION = YES;
				CLANG_WARN_DEPRECATED_OBJC_IMPLEMENTATIONS = YES;
				CLANG_WARN_DIRECT_OBJC_ISA_USAGE = YES_ERROR;
				CLANG_WARN_DOCUMENTATION_COMMENTS = YES;
				CLANG_WARN_EMPTY_BODY = YES;
				CLANG_WARN_ENUM_CONVERSION = YES;
				CLANG_WARN_INFINITE_RECURSION = YES;
				CLANG_WARN_INT_CONVERSION = YES;
				CLANG_WARN_NON_LITERAL_NULL_CONVERSION = YES;
				CLANG_WARN_OBJC_IMPLICIT_RETAIN_SELF = YES;
				CLANG_WARN_OBJC_LITERAL_CONVERSION = YES;
				CLANG_WARN_OBJC_ROOT_CLASS = YES_ERROR;
				CLANG_WARN_QUOTED_INCLUDE_IN_FRAMEWORK_HEADER = YES;
				CLANG_WARN_RANGE_LOOP_ANALYSIS = YES;
				CLANG_WARN_STRICT_PROTOTYPES = YES;
				CLANG_WARN_SUSPICIOUS_MOVE = YES;
				CLANG_WARN_UNGUARDED_AVAILABILITY = YES_AGGRESSIVE;
				CLANG_WARN_UNREACHABLE_CODE = YES;
				CLANG_WARN__DUPLICATE_METHOD_MATCH = YES;
				COPY_PHASE_STRIP = NO;
				DEBUG_INFORMATION_FORMAT = "dwarf-with-dsym";
				ENABLE_NS_ASSERTIONS = NO;
				ENABLE_STRICT_OBJC_MSGSEND = YES;
				GCC_C_LANGUAGE_STANDARD = gnu11;
				GCC_NO_COMMON_BLOCKS = YES;
				GCC_WARN_64_TO_32_BIT_CONVERSION = YES;
				GCC_WARN_ABOUT_RETURN_TYPE = YES_ERROR;
				GCC_WARN_UNDECLARED_SELECTOR = YES;
				GCC_WARN_UNINITIALIZED_AUTOS = YES_AGGRESSIVE;
				GCC_WARN_UNUSED_FUNCTION = YES;
				GCC_WARN_UNUSED_VARIABLE = YES;
				IPHONEOS_DEPLOYMENT_TARGET = 14.3;
				MTL_ENABLE_DEBUG_INFO = NO;
				MTL_FAST_MATH = YES;
				SDKROOT = iphoneos;
				SWIFT_COMPILATION_MODE = wholemodule;
				SWIFT_OPTIMIZATION_LEVEL = "-O";
				VALIDATE_PRODUCT = YES;
			};
			name = Release;
		};
		E03A31912599D7B500B0AF41 /* Debug */ = {
			isa = XCBuildConfiguration;
			buildSettings = {
				ASSETCATALOG_COMPILER_APPICON_NAME = AppIcon;
				ASSETCATALOG_COMPILER_GLOBAL_ACCENT_COLOR_NAME = AccentColor;
				CODE_SIGN_STYLE = Automatic;
				DEVELOPMENT_TEAM = Q5MD7Q6W83;
				INFOPLIST_FILE = "Contact TableView Custom Cell/Info.plist";
				LD_RUNPATH_SEARCH_PATHS = (
					"$(inherited)",
					"@executable_path/Frameworks",
				);
				PRODUCT_BUNDLE_IDENTIFIER = "com.punreachrany.Contact-TableView-Custom-Cell";
				PRODUCT_NAME = "$(TARGET_NAME)";
				SWIFT_VERSION = 5.0;
				TARGETED_DEVICE_FAMILY = "1,2";
			};
			name = Debug;
		};
		E03A31922599D7B500B0AF41 /* Release */ = {
			isa = XCBuildConfiguration;
			buildSettings = {
				ASSETCATALOG_COMPILER_APPICON_NAME = AppIcon;
				ASSETCATALOG_COMPILER_GLOBAL_ACCENT_COLOR_NAME = AccentColor;
				CODE_SIGN_STYLE = Automatic;
				DEVELOPMENT_TEAM = Q5MD7Q6W83;
				INFOPLIST_FILE = "Contact TableView Custom Cell/Info.plist";
				LD_RUNPATH_SEARCH_PATHS = (
					"$(inherited)",
					"@executable_path/Frameworks",
				);
				PRODUCT_BUNDLE_IDENTIFIER = "com.punreachrany.Contact-TableView-Custom-Cell";
				PRODUCT_NAME = "$(TARGET_NAME)";
				SWIFT_VERSION = 5.0;
				TARGETED_DEVICE_FAMILY = "1,2";
			};
			name = Release;
		};
/* End XCBuildConfiguration section */

/* Begin XCConfigurationList section */
		E03A31772599D7B400B0AF41 /* Build configuration list for PBXProject "Contact TableView Custom Cell" */ = {
			isa = XCConfigurationList;
			buildConfigurations = (
				E03A318E2599D7B500B0AF41 /* Debug */,
				E03A318F2599D7B500B0AF41 /* Release */,
			);
			defaultConfigurationIsVisible = 0;
			defaultConfigurationName = Release;
		};
		E03A31902599D7B500B0AF41 /* Build configuration list for PBXNativeTarget "Contact TableView Custom Cell" */ = {
			isa = XCConfigurationList;
			buildConfigurations = (
				E03A31912599D7B500B0AF41 /* Debug */,
				E03A31922599D7B500B0AF41 /* Release */,
			);
			defaultConfigurationIsVisible = 0;
			defaultConfigurationName = Release;
		};
/* End XCConfigurationList section */
	};
	rootObject = E03A31742599D7B400B0AF41 /* Project object */;
}
